<?xml version="1.0" encoding="utf-8"?>
<Project ToolsVersion="4.0" xmlns="http://schemas.microsoft.com/developer/msbuild/2003">
  <ItemGroup>
    <ClCompile Include="test.cpp" />
    <ClCompile Include="pch.cpp" />
    <ClCompile Include="..\EmbeddedTDD-Test\IdManagerMock.cpp">
      <Filter>Mocks</Filter>
    </ClCompile>
    <ClCompile Include="..\EmbeddedTDD\LinkController.cpp" />
  </ItemGroup>
  <ItemGroup>
    <ClInclude Include="pch.h" />
    <ClInclude Include="..\EmbeddedTDD-Test\IdManagerMock.h">
      <Filter>Mocks</Filter>
    </ClInclude>
    <ClInclude Include="..\EmbeddedTDD-Test\MockSingletonAPI.h">
      <Filter>Mocks</Filter>
    </ClInclude>
  </ItemGroup>
  <ItemGroup>
    <Filter Include="Mocks">
      <UniqueIdentifier>{d9382952-1986-4e4d-a011-1d8649e0de88}</UniqueIdentifier>
    </Filter>
  </ItemGroup>
</Project>